{
  "requires": true,
  "lockfileVersion": 1,
  "dependencies": {
    "cos-wx-sdk-v5": {
      "version": "0.7.7",
      "resolved": "https://registry.npmjs.org/cos-wx-sdk-v5/-/cos-wx-sdk-v5-0.7.7.tgz",
      "integrity": "sha512-X1L/HuMjKTMXn0nSPEjjtgVTdAHaIIw2yylPz9Ri7hY3JdD2cRFpOp8sMuw7jAfiaMEYVM1NqdP64ij9UUAiDQ==",
      "requires": {
        "xmldom": "^0.1.27"
      }
    },
    "tim-wx-sdk": {
      "version": "2.1.3",
      "resolved": "https://registry.npmjs.org/tim-wx-sdk/-/tim-wx-sdk-2.1.3.tgz",
      "integrity": "sha512-EThHv2OF2pYXmn4/wEaIr14115WMaZkgo51Oadvq+eeuDeHF4DNmPvhp4ZOi5pR8uzYCoN+0/ZaJk+9yYqyZSg=="
    },
    "xmldom": {
      "version": "0.1.27",
      "resolved": "https://registry.npmjs.org/xmldom/-/xmldom-0.1.27.tgz",
      "integrity": "sha1-1QH5ezvbQDr4757MIFcxh6rawOk="
    }
  }
}
